Microsoft Visual Studio Solution File, Format Version 12.00
# Visual Studio Version 17
VisualStudioVersion = 17.5.2.0
MinimumVisualStudioVersion = 10.0.40219.1
Project("{FAE04EC0-301F-11D3-BF4B-00C04F79EFBC}") = "Kescha", "Kescha.csproj", "{B0BC754F-ADC8-71E2-F69C-A0F4B62C31A2}"
EndProject
Global
	GlobalSection(SolutionConfigurationPlatforms) = preSolution
		Debug|Any CPU = Debug|Any CPU
		Release|Any CPU = Release|Any CPU
	EndGlobalSection
	GlobalSection(ProjectConfigurationPlatforms) = postSolution
		{B0BC754F-ADC8-71E2-F69C-A0F4B62C31A2}.Debug|Any CPU.ActiveCfg = Debug|Any CPU
		{B0BC754F-ADC8-71E2-F69C-A0F4B62C31A2}.Debug|Any CPU.Build.0 = Debug|Any CPU
		{B0BC754F-ADC8-71E2-F69C-A0F4B62C31A2}.Release|Any CPU.ActiveCfg = Release|Any CPU
		{B0BC754F-ADC8-71E2-F69C-A0F4B62C31A2}.Release|Any CPU.Build.0 = Release|Any CPU
	EndGlobalSection
	GlobalSection(SolutionProperties) = preSolution
		HideSolutionNode = FALSE
	EndGlobalSection
	GlobalSection(ExtensibilityGlobals) = postSolution
		SolutionGuid = {1C6B2F01-15B1-469A-BACD-A9F4C3CF75FF}
	EndGlobalSection
EndGlobal
